// !$*UTF8*$!
{
	archiveVersion = 1;
	classes = {
	};
	objectVersion = 46;
	objects = {

/* Begin PBXBuildFile section */
		F4D9B8D21D8DE45600780C13 /* main.swift in Sources */ = {isa = PBXBuildFile; fileRef = F4D9B8D11D8DE45600780C13 /* main.swift */; };
		F4D9B8DA1D8DE57A00780C13 /* libsqlite3.tbd in Frameworks */ = {isa = PBXBuildFile; fileRef = F4D9B8D91D8DE57A00780C13 /* libsqlite3.tbd */; };
		F4D9B8F51D8DE62F00780C13 /* Blob.swift in Sources */ = {isa = PBXBuildFile; fileRef = F4D9B8DD1D8DE62F00780C13 /* Blob.swift */; };
		F4D9B8F61D8DE62F00780C13 /* Connection.swift in Sources */ = {isa = PBXBuildFile; fileRef = F4D9B8DE1D8DE62F00780C13 /* Connection.swift */; };
		F4D9B8F71D8DE62F00780C13 /* SQLite-Bridging.m in Sources */ = {isa = PBXBuildFile; fileRef = F4D9B8E11D8DE62F00780C13 /* SQLite-Bridging.m */; };
		F4D9B8F81D8DE62F00780C13 /* Statement.swift in Sources */ = {isa = PBXBuildFile; fileRef = F4D9B8E21D8DE62F00780C13 /* Statement.swift */; };
		F4D9B8F91D8DE62F00780C13 /* Value.swift in Sources */ = {isa = PBXBuildFile; fileRef = F4D9B8E31D8DE62F00780C13 /* Value.swift */; };
		F4D9B8FA1D8DE62F00780C13 /* FTS4.swift in Sources */ = {isa = PBXBuildFile; fileRef = F4D9B8E51D8DE62F00780C13 /* FTS4.swift */; };
		F4D9B8FB1D8DE62F00780C13 /* R*Tree.swift in Sources */ = {isa = PBXBuildFile; fileRef = F4D9B8E61D8DE62F00780C13 /* R*Tree.swift */; };
		F4D9B8FC1D8DE62F00780C13 /* Foundation.swift in Sources */ = {isa = PBXBuildFile; fileRef = F4D9B8E71D8DE62F00780C13 /* Foundation.swift */; };
		F4D9B8FD1D8DE62F00780C13 /* Helpers.swift in Sources */ = {isa = PBXBuildFile; fileRef = F4D9B8E81D8DE62F00780C13 /* Helpers.swift */; };
		F4D9B8FE1D8DE62F00780C13 /* AggregateFunctions.swift in Sources */ = {isa = PBXBuildFile; fileRef = F4D9B8EC1D8DE62F00780C13 /* AggregateFunctions.swift */; };
		F4D9B8FF1D8DE62F00780C13 /* Collation.swift in Sources */ = {isa = PBXBuildFile; fileRef = F4D9B8ED1D8DE62F00780C13 /* Collation.swift */; };
		F4D9B9001D8DE62F00780C13 /* CoreFunctions.swift in Sources */ = {isa = PBXBuildFile; fileRef = F4D9B8EE1D8DE62F00780C13 /* CoreFunctions.swift */; };
		F4D9B9011D8DE62F00780C13 /* CustomFunctions.swift in Sources */ = {isa = PBXBuildFile; fileRef = F4D9B8EF1D8DE62F00780C13 /* CustomFunctions.swift */; };
		F4D9B9021D8DE62F00780C13 /* Expression.swift in Sources */ = {isa = PBXBuildFile; fileRef = F4D9B8F01D8DE62F00780C13 /* Expression.swift */; };
		F4D9B9031D8DE62F00780C13 /* Operators.swift in Sources */ = {isa = PBXBuildFile; fileRef = F4D9B8F11D8DE62F00780C13 /* Operators.swift */; };
		F4D9B9041D8DE62F00780C13 /* Query.swift in Sources */ = {isa = PBXBuildFile; fileRef = F4D9B8F21D8DE62F00780C13 /* Query.swift */; };
		F4D9B9051D8DE62F00780C13 /* Schema.swift in Sources */ = {isa = PBXBuildFile; fileRef = F4D9B8F31D8DE62F00780C13 /* Schema.swift */; };
		F4D9B9061D8DE62F00780C13 /* Setter.swift in Sources */ = {isa = PBXBuildFile; fileRef = F4D9B8F41D8DE62F00780C13 /* Setter.swift */; };
/* End PBXBuildFile section */

/* Begin PBXCopyFilesBuildPhase section */
		F4D9B8CC1D8DE45600780C13 /* CopyFiles */ = {
			isa = PBXCopyFilesBuildPhase;
			buildActionMask = 2147483647;
			dstPath = /usr/share/man/man1/;
			dstSubfolderSpec = 0;
			files = (
			);
			runOnlyForDeploymentPostprocessing = 1;
		};
/* End PBXCopyFilesBuildPhase section */

/* Begin PBXFileReference section */
		F4D9B8CE1D8DE45600780C13 /* WatchPaper */ = {isa = PBXFileReference; explicitFileType = "compiled.mach-o.executable"; includeInIndex = 0; path = WatchPaper; sourceTree = BUILT_PRODUCTS_DIR; };
		F4D9B8D11D8DE45600780C13 /* main.swift */ = {isa = PBXFileReference; lastKnownFileType = sourcecode.swift; path = main.swift; sourceTree = "<group>"; };
		F4D9B8D81D8DE4F400780C13 /* Cartfile */ = {isa = PBXFileReference; fileEncoding = 4; lastKnownFileType = text; path = Cartfile; sourceTree = "<group>"; };
		F4D9B8D91D8DE57A00780C13 /* libsqlite3.tbd */ = {isa = PBXFileReference; lastKnownFileType = "sourcecode.text-based-dylib-definition"; name = libsqlite3.tbd; path = usr/lib/libsqlite3.tbd; sourceTree = SDKROOT; };
		F4D9B8DD1D8DE62F00780C13 /* Blob.swift */ = {isa = PBXFileReference; fileEncoding = 4; lastKnownFileType = sourcecode.swift; path = Blob.swift; sourceTree = "<group>"; };
		F4D9B8DE1D8DE62F00780C13 /* Connection.swift */ = {isa = PBXFileReference; fileEncoding = 4; lastKnownFileType = sourcecode.swift; path = Connection.swift; sourceTree = "<group>"; };
		F4D9B8DF1D8DE62F00780C13 /* fts3_tokenizer.h */ = {isa = PBXFileReference; fileEncoding = 4; lastKnownFileType = sourcecode.c.h; path = fts3_tokenizer.h; sourceTree = "<group>"; };
		F4D9B8E01D8DE62F00780C13 /* SQLite-Bridging.h */ = {isa = PBXFileReference; fileEncoding = 4; lastKnownFileType = sourcecode.c.h; path = "SQLite-Bridging.h"; sourceTree = "<group>"; };
		F4D9B8E11D8DE62F00780C13 /* SQLite-Bridging.m */ = {isa = PBXFileReference; fileEncoding = 4; lastKnownFileType = sourcecode.c.objc; path = "SQLite-Bridging.m"; sourceTree = "<group>"; };
		F4D9B8E21D8DE62F00780C13 /* Statement.swift */ = {isa = PBXFileReference; fileEncoding = 4; lastKnownFileType = sourcecode.swift; path = Statement.swift; sourceTree = "<group>"; };
		F4D9B8E31D8DE62F00780C13 /* Value.swift */ = {isa = PBXFileReference; fileEncoding = 4; lastKnownFileType = sourcecode.swift; path = Value.swift; sourceTree = "<group>"; };
		F4D9B8E51D8DE62F00780C13 /* FTS4.swift */ = {isa = PBXFileReference; fileEncoding = 4; lastKnownFileType = sourcecode.swift; path = FTS4.swift; sourceTree = "<group>"; };
		F4D9B8E61D8DE62F00780C13 /* R*Tree.swift */ = {isa = PBXFileReference; fileEncoding = 4; lastKnownFileType = sourcecode.swift; path = "R*Tree.swift"; sourceTree = "<group>"; };
		F4D9B8E71D8DE62F00780C13 /* Foundation.swift */ = {isa = PBXFileReference; fileEncoding = 4; lastKnownFileType = sourcecode.swift; path = Foundation.swift; sourceTree = "<group>"; };
		F4D9B8E81D8DE62F00780C13 /* Helpers.swift */ = {isa = PBXFileReference; fileEncoding = 4; lastKnownFileType = sourcecode.swift; path = Helpers.swift; sourceTree = "<group>"; };
		F4D9B8E91D8DE62F00780C13 /* Info.plist */ = {isa = PBXFileReference; fileEncoding = 4; lastKnownFileType = text.plist.xml; path = Info.plist; sourceTree = "<group>"; };
		F4D9B8EA1D8DE62F00780C13 /* SQLite.h */ = {isa = PBXFileReference; fileEncoding = 4; lastKnownFileType = sourcecode.c.h; path = SQLite.h; sourceTree = "<group>"; };
		F4D9B8EC1D8DE62F00780C13 /* AggregateFunctions.swift */ = {isa = PBXFileReference; fileEncoding = 4; lastKnownFileType = sourcecode.swift; path = AggregateFunctions.swift; sourceTree = "<group>"; };
		F4D9B8ED1D8DE62F00780C13 /* Collation.swift */ = {isa = PBXFileReference; fileEncoding = 4; lastKnownFileType = sourcecode.swift; path = Collation.swift; sourceTree = "<group>"; };
		F4D9B8EE1D8DE62F00780C13 /* CoreFunctions.swift */ = {isa = PBXFileReference; fileEncoding = 4; lastKnownFileType = sourcecode.swift; path = CoreFunctions.swift; sourceTree = "<group>"; };
		F4D9B8EF1D8DE62F00780C13 /* CustomFunctions.swift */ = {isa = PBXFileReference; fileEncoding = 4; lastKnownFileType = sourcecode.swift; path = CustomFunctions.swift; sourceTree = "<group>"; };
		F4D9B8F01D8DE62F00780C13 /* Expression.swift */ = {isa = PBXFileReference; fileEncoding = 4; lastKnownFileType = sourcecode.swift; path = Expression.swift; sourceTree = "<group>"; };
		F4D9B8F11D8DE62F00780C13 /* Operators.swift */ = {isa = PBXFileReference; fileEncoding = 4; lastKnownFileType = sourcecode.swift; path = Operators.swift; sourceTree = "<group>"; };
		F4D9B8F21D8DE62F00780C13 /* Query.swift */ = {isa = PBXFileReference; fileEncoding = 4; lastKnownFileType = sourcecode.swift; path = Query.swift; sourceTree = "<group>"; };
		F4D9B8F31D8DE62F00780C13 /* Schema.swift */ = {isa = PBXFileReference; fileEncoding = 4; lastKnownFileType = sourcecode.swift; path = Schema.swift; sourceTree = "<group>"; };
		F4D9B8F41D8DE62F00780C13 /* Setter.swift */ = {isa = PBXFileReference; fileEncoding = 4; lastKnownFileType = sourcecode.swift; path = Setter.swift; sourceTree = "<group>"; };
		F4D9B90B1D8DE68600780C13 /* WatchPaper-Bridging-Header.h */ = {isa = PBXFileReference; fileEncoding = 4; lastKnownFileType = sourcecode.c.h; path = "WatchPaper-Bridging-Header.h"; sourceTree = "<group>"; };
/* End PBXFileReference section */

/* Begin PBXFrameworksBuildPhase section */
		F4D9B8CB1D8DE45600780C13 /* Frameworks */ = {
			isa = PBXFrameworksBuildPhase;
			buildActionMask = 2147483647;
			files = (
				F4D9B8DA1D8DE57A00780C13 /* libsqlite3.tbd in Frameworks */,
			);
			runOnlyForDeploymentPostprocessing = 0;
		};
/* End PBXFrameworksBuildPhase section */

/* Begin PBXGroup section */
		F4D9B8C51D8DE45600780C13 = {
			isa = PBXGroup;
			children = (
				F4D9B90B1D8DE68600780C13 /* WatchPaper-Bridging-Header.h */,
				F4D9B8DB1D8DE62F00780C13 /* SQLite */,
				F4D9B8D91D8DE57A00780C13 /* libsqlite3.tbd */,
				F4D9B8D81D8DE4F400780C13 /* Cartfile */,
				F4D9B8D01D8DE45600780C13 /* WatchPaper */,
				F4D9B8CF1D8DE45600780C13 /* Products */,
			);
			sourceTree = "<group>";
		};
		F4D9B8CF1D8DE45600780C13 /* Products */ = {
			isa = PBXGroup;
			children = (
				F4D9B8CE1D8DE45600780C13 /* WatchPaper */,
			);
			name = Products;
			sourceTree = "<group>";
		};
		F4D9B8D01D8DE45600780C13 /* WatchPaper */ = {
			isa = PBXGroup;
			children = (
				F4D9B8D11D8DE45600780C13 /* main.swift */,
			);
			path = WatchPaper;
			sourceTree = "<group>";
		};
		F4D9B8DB1D8DE62F00780C13 /* SQLite */ = {
			isa = PBXGroup;
			children = (
				F4D9B8DC1D8DE62F00780C13 /* Core */,
				F4D9B8E41D8DE62F00780C13 /* Extensions */,
				F4D9B8E71D8DE62F00780C13 /* Foundation.swift */,
				F4D9B8E81D8DE62F00780C13 /* Helpers.swift */,
				F4D9B8E91D8DE62F00780C13 /* Info.plist */,
				F4D9B8EA1D8DE62F00780C13 /* SQLite.h */,
				F4D9B8EB1D8DE62F00780C13 /* Typed */,
			);
			name = SQLite;
			path = Carthage/Checkouts/SQLite.swift/SQLite;
			sourceTree = "<group>";
		};
		F4D9B8DC1D8DE62F00780C13 /* Core */ = {
			isa = PBXGroup;
			children = (
				F4D9B8DD1D8DE62F00780C13 /* Blob.swift */,
				F4D9B8DE1D8DE62F00780C13 /* Connection.swift */,
				F4D9B8DF1D8DE62F00780C13 /* fts3_tokenizer.h */,
				F4D9B8E01D8DE62F00780C13 /* SQLite-Bridging.h */,
				F4D9B8E11D8DE62F00780C13 /* SQLite-Bridging.m */,
				F4D9B8E21D8DE62F00780C13 /* Statement.swift */,
				F4D9B8E31D8DE62F00780C13 /* Value.swift */,
			);
			path = Core;
			sourceTree = "<group>";
		};
		F4D9B8E41D8DE62F00780C13 /* Extensions */ = {
			isa = PBXGroup;
			children = (
				F4D9B8E51D8DE62F00780C13 /* FTS4.swift */,
				F4D9B8E61D8DE62F00780C13 /* R*Tree.swift */,
			);
			path = Extensions;
			sourceTree = "<group>";
		};
		F4D9B8EB1D8DE62F00780C13 /* Typed */ = {
			isa = PBXGroup;
			children = (
				F4D9B8EC1D8DE62F00780C13 /* AggregateFunctions.swift */,
				F4D9B8ED1D8DE62F00780C13 /* Collation.swift */,
				F4D9B8EE1D8DE62F00780C13 /* CoreFunctions.swift */,
				F4D9B8EF1D8DE62F00780C13 /* CustomFunctions.swift */,
				F4D9B8F01D8DE62F00780C13 /* Expression.swift */,
				F4D9B8F11D8DE62F00780C13 /* Operators.swift */,
				F4D9B8F21D8DE62F00780C13 /* Query.swift */,
				F4D9B8F31D8DE62F00780C13 /* Schema.swift */,
				F4D9B8F41D8DE62F00780C13 /* Setter.swift */,
			);
			path = Typed;
			sourceTree = "<group>";
		};
/* End PBXGroup section */

/* Begin PBXNativeTarget section */
		F4D9B8CD1D8DE45600780C13 /* WatchPaper */ = {
			isa = PBXNativeTarget;
			buildConfigurationList = F4D9B8D51D8DE45600780C13 /* Build configuration list for PBXNativeTarget "WatchPaper" */;
			buildPhases = (
				F4D9B8CA1D8DE45600780C13 /* Sources */,
				F4D9B8CB1D8DE45600780C13 /* Frameworks */,
				F4D9B8CC1D8DE45600780C13 /* CopyFiles */,
			);
			buildRules = (
			);
			dependencies = (
			);
			name = WatchPaper;
			productName = WatchPaper;
			productReference = F4D9B8CE1D8DE45600780C13 /* WatchPaper */;
			productType = "com.apple.product-type.tool";
		};
/* End PBXNativeTarget section */

/* Begin PBXProject section */
		F4D9B8C61D8DE45600780C13 /* Project object */ = {
			isa = PBXProject;
			attributes = {
				LastSwiftUpdateCheck = 0730;
				LastUpgradeCheck = 0730;
				ORGANIZATIONNAME = simjes;
				TargetAttributes = {
					F4D9B8CD1D8DE45600780C13 = {
						CreatedOnToolsVersion = 7.3.1;
					};
				};
			};
			buildConfigurationList = F4D9B8C91D8DE45600780C13 /* Build configuration list for PBXProject "WatchPaper" */;
			compatibilityVersion = "Xcode 3.2";
			developmentRegion = English;
			hasScannedForEncodings = 0;
			knownRegions = (
				en,
			);
			mainGroup = F4D9B8C51D8DE45600780C13;
			productRefGroup = F4D9B8CF1D8DE45600780C13 /* Products */;
			projectDirPath = "";
			projectRoot = "";
			targets = (
				F4D9B8CD1D8DE45600780C13 /* WatchPaper */,
			);
		};
/* End PBXProject section */

/* Begin PBXSourcesBuildPhase section */
		F4D9B8CA1D8DE45600780C13 /* Sources */ = {
			isa = PBXSourcesBuildPhase;
			buildActionMask = 2147483647;
			files = (
				F4D9B9051D8DE62F00780C13 /* Schema.swift in Sources */,
				F4D9B8FC1D8DE62F00780C13 /* Foundation.swift in Sources */,
				F4D9B8F51D8DE62F00780C13 /* Blob.swift in Sources */,
				F4D9B9061D8DE62F00780C13 /* Setter.swift in Sources */,
				F4D9B8F71D8DE62F00780C13 /* SQLite-Bridging.m in Sources */,
				F4D9B8FD1D8DE62F00780C13 /* Helpers.swift in Sources */,
				F4D9B8F61D8DE62F00780C13 /* Connection.swift in Sources */,
				F4D9B8FB1D8DE62F00780C13 /* R*Tree.swift in Sources */,
				F4D9B8D21D8DE45600780C13 /* main.swift in Sources */,
				F4D9B9001D8DE62F00780C13 /* CoreFunctions.swift in Sources */,
				F4D9B8FF1D8DE62F00780C13 /* Collation.swift in Sources */,
				F4D9B9031D8DE62F00780C13 /* Operators.swift in Sources */,
				F4D9B8FE1D8DE62F00780C13 /* AggregateFunctions.swift in Sources */,
				F4D9B8F81D8DE62F00780C13 /* Statement.swift in Sources */,
				F4D9B8FA1D8DE62F00780C13 /* FTS4.swift in Sources */,
				F4D9B9011D8DE62F00780C13 /* CustomFunctions.swift in Sources */,
				F4D9B8F91D8DE62F00780C13 /* Value.swift in Sources */,
				F4D9B9041D8DE62F00780C13 /* Query.swift in Sources */,
				F4D9B9021D8DE62F00780C13 /* Expression.swift in Sources */,
			);
			runOnlyForDeploymentPostprocessing = 0;
		};
/* End PBXSourcesBuildPhase section */

/* Begin XCBuildConfiguration section */
		F4D9B8D31D8DE45600780C13 /* Debug */ = {
			isa = XCBuildConfiguration;
			buildSettings = {
				ALWAYS_SEARCH_USER_PATHS = NO;
				CLANG_ANALYZER_NONNULL = YES;
				CLANG_CXX_LANGUAGE_STANDARD = "gnu++0x";
				CLANG_CXX_LIBRARY = "libc++";
				CLANG_ENABLE_MODULES = YES;
				CLANG_ENABLE_OBJC_ARC = YES;
				CLANG_WARN_BOOL_CONVERSION = YES;
				CLANG_WARN_CONSTANT_CONVERSION = YES;
				CLANG_WARN_DIRECT_OBJC_ISA_USAGE = YES_ERROR;
				CLANG_WARN_EMPTY_BODY = YES;
				CLANG_WARN_ENUM_CONVERSION = YES;
				CLANG_WARN_INT_CONVERSION = YES;
				CLANG_WARN_OBJC_ROOT_CLASS = YES_ERROR;
				CLANG_WARN_UNREACHABLE_CODE = YES;
				CLANG_WARN__DUPLICATE_METHOD_MATCH = YES;
				CODE_SIGN_IDENTITY = "-";
				COPY_PHASE_STRIP = NO;
				DEBUG_INFORMATION_FORMAT = dwarf;
				ENABLE_STRICT_OBJC_MSGSEND = YES;
				ENABLE_TESTABILITY = YES;
				GCC_C_LANGUAGE_STANDARD = gnu99;
				GCC_DYNAMIC_NO_PIC = NO;
				GCC_NO_COMMON_BLOCKS = YES;
				GCC_OPTIMIZATION_LEVEL = 0;
				GCC_PREPROCESSOR_DEFINITIONS = (
					"DEBUG=1",
					"$(inherited)",
				);
				GCC_WARN_64_TO_32_BIT_CONVERSION = YES;
				GCC_WARN_ABOUT_RETURN_TYPE = YES_ERROR;
				GCC_WARN_UNDECLARED_SELECTOR = YES;
				GCC_WARN_UNINITIALIZED_AUTOS = YES_AGGRESSIVE;
				GCC_WARN_UNUSED_FUNCTION = YES;
				GCC_WARN_UNUSED_VARIABLE = YES;
				MACOSX_DEPLOYMENT_TARGET = 10.11;
				MTL_ENABLE_DEBUG_INFO = YES;
				ONLY_ACTIVE_ARCH = YES;
				SDKROOT = macosx;
				SWIFT_OPTIMIZATION_LEVEL = "-Onone";
			};
			name = Debug;
		};
		F4D9B8D41D8DE45600780C13 /* Release */ = {
			isa = XCBuildConfiguration;
			buildSettings = {
				ALWAYS_SEARCH_USER_PATHS = NO;
				CLANG_ANALYZER_NONNULL = YES;
				CLANG_CXX_LANGUAGE_STANDARD = "gnu++0x";
				CLANG_CXX_LIBRARY = "libc++";
				CLANG_ENABLE_MODULES = YES;
				CLANG_ENABLE_OBJC_ARC = YES;
				CLANG_WARN_BOOL_CONVERSION = YES;
				CLANG_WARN_CONSTANT_CONVERSION = YES;
				CLANG_WARN_DIRECT_OBJC_ISA_USAGE = YES_ERROR;
				CLANG_WARN_EMPTY_BODY = YES;
				CLANG_WARN_ENUM_CONVERSION = YES;
				CLANG_WARN_INT_CONVERSION = YES;
				CLANG_WARN_OBJC_ROOT_CLASS = YES_ERROR;
				CLANG_WARN_UNREACHABLE_CODE = YES;
				CLANG_WARN__DUPLICATE_METHOD_MATCH = YES;
				CODE_SIGN_IDENTITY = "-";
				COPY_PHASE_STRIP = NO;
				DEBUG_INFORMATION_FORMAT = "dwarf-with-dsym";
				ENABLE_NS_ASSERTIONS = NO;
				ENABLE_STRICT_OBJC_MSGSEND = YES;
				GCC_C_LANGUAGE_STANDARD = gnu99;
				GCC_NO_COMMON_BLOCKS = YES;
				GCC_WARN_64_TO_32_BIT_CONVERSION = YES;
				GCC_WARN_ABOUT_RETURN_TYPE = YES_ERROR;
				GCC_WARN_UNDECLARED_SELECTOR = YES;
				GCC_WARN_UNINITIALIZED_AUTOS = YES_AGGRESSIVE;
				GCC_WARN_UNUSED_FUNCTION = YES;
				GCC_WARN_UNUSED_VARIABLE = YES;
				MACOSX_DEPLOYMENT_TARGET = 10.11;
				MTL_ENABLE_DEBUG_INFO = NO;
				SDKROOT = macosx;
			};
			name = Release;
		};
		F4D9B8D61D8DE45600780C13 /* Debug */ = {
			isa = XCBuildConfiguration;
			buildSettings = {
				CLANG_OPTIMIZATION_PROFILE_FILE = "";
				CLANG_USE_OPTIMIZATION_PROFILE = YES;
				PRODUCT_NAME = "$(TARGET_NAME)";
				SWIFT_OBJC_BRIDGING_HEADER = "WatchPaper-Bridging-Header.h";
			};
			name = Debug;
		};
		F4D9B8D71D8DE45600780C13 /* Release */ = {
			isa = XCBuildConfiguration;
			buildSettings = {
				CLANG_OPTIMIZATION_PROFILE_FILE = "";
				CLANG_USE_OPTIMIZATION_PROFILE = YES;
				PRODUCT_NAME = "$(TARGET_NAME)";
				SWIFT_OBJC_BRIDGING_HEADER = "WatchPaper-Bridging-Header.h";
				SWIFT_OPTIMIZATION_LEVEL = "-O";
			};
			name = Release;
		};
/* End XCBuildConfiguration section */

/* Begin XCConfigurationList section */
		F4D9B8C91D8DE45600780C13 /* Build configuration list for PBXProject "WatchPaper" */ = {
			isa = XCConfigurationList;
			buildConfigurations = (
				F4D9B8D31D8DE45600780C13 /* Debug */,
				F4D9B8D41D8DE45600780C13 /* Release */,
			);
			defaultConfigurationIsVisible = 0;
			defaultConfigurationName = Release;
		};
		F4D9B8D51D8DE45600780C13 /* Build configuration list for PBXNativeTarget "WatchPaper" */ = {
			isa = XCConfigurationList;
			buildConfigurations = (
				F4D9B8D61D8DE45600780C13 /* Debug */,
				F4D9B8D71D8DE45600780C13 /* Release */,
			);
			defaultConfigurationIsVisible = 0;
			defaultConfigurationName = Release;
		};
/* End XCConfigurationList section */
	};
	rootObject = F4D9B8C61D8DE45600780C13 /* Project object */;
}
